
Microsoft Visual Studio Solution File, Format Version 12.00
# Visual Studio Version 17
VisualStudioVersion = 17.0.32014.148
MinimumVisualStudioVersion = 10.0.40219.1
Project("{FAE04EC0-301F-11D3-BF4B-00C04F79EFBC}") = "ASPnetCoreReact", "ASPnetCoreReact.csproj", "{030CFBC8-3B83-4658-B253-E46A83BD86EE}"
EndProject
Global
	GlobalSection(SolutionConfigurationPlatforms) = preSolution
		Debug|Any CPU = Debug|Any CPU
		Release|Any CPU = Release|Any CPU
	EndGlobalSection
	GlobalSection(ProjectConfigurationPlatforms) = postSolution
		{030CFBC8-3B83-4658-B253-E46A83BD86EE}.Debug|Any CPU.ActiveCfg = Debug|Any CPU
		{030CFBC8-3B83-4658-B253-E46A83BD86EE}.Debug|Any CPU.Build.0 = Debug|Any CPU
		{030CFBC8-3B83-4658-B253-E46A83BD86EE}.Release|Any CPU.ActiveCfg = Release|Any CPU
		{030CFBC8-3B83-4658-B253-E46A83BD86EE}.Release|Any CPU.Build.0 = Release|Any CPU
	EndGlobalSection
	GlobalSection(SolutionProperties) = preSolution
		HideSolutionNode = FALSE
	EndGlobalSection
	GlobalSection(ExtensibilityGlobals) = postSolution
		SolutionGuid = {93D6FD90-3CB0-4A96-BC04-A1DDA73D11EA}
	EndGlobalSection
EndGlobal
